Microsoft Visual Studio Solution File, Format Version 12.00
# Visual Studio Version 17
VisualStudioVersion = 17.0.31903.59
MinimumVisualStudioVersion = 10.0.40219.1

Project("{2150E333-8FDC-42A3-9474-1A3956D46DE8}") = "src", "src", "{8D0C3C8E-8B5A-4F5A-9B5A-8F5A8D0C3C8E}"
EndProject

Project("{2150E333-8FDC-42A3-9474-1A3956D46DE8}") = "Servicos", "Servicos", "{1A2B3C4D-5E6F-7890-ABCD-EF1234567890}"
EndProject

Project("{2150E333-8FDC-42A3-9474-1A3956D46DE8}") = "Compartilhado", "Compartilhado", "{2B3C4D5E-6F78-90AB-CDEF-123456789012}"
EndProject

Project("{2150E333-8FDC-42A3-9474-1A3956D46DE8}") = "Frontend", "Frontend", "{3C4D5E6F-7890-ABCD-EF12-34567890ABCD}"
EndProject

Project("{2150E333-8FDC-42A3-9474-1A3956D46DE8}") = "Infraestrutura", "Infraestrutura", "{4D5E6F78-90AB-CDEF-1234-567890ABCDEF}"
EndProject

Project("{FAE04EC0-301F-11D3-BF4B-00C04F79EFBC}") = "APS.Compartilhado", "src\Compartilhado\APS.Compartilhado\APS.Compartilhado.csproj", "{5E6F7890-ABCD-EF12-3456-7890ABCDEF12}"
EndProject

Project("{FAE04EC0-301F-11D3-BF4B-00C04F79EFBC}") = "APS.ServicoIngestao", "src\Servicos\APS.ServicoIngestao\APS.ServicoIngestao.csproj", "{6F789012-3456-7890-ABCD-EF1234567890}"
EndProject

Project("{FAE04EC0-301F-11D3-BF4B-00C04F79EFBC}") = "APS.ServicoProcessamento", "src\Servicos\APS.ServicoProcessamento\APS.ServicoProcessamento.csproj", "{78901234-5678-90AB-CDEF-123456789012}"
EndProject

Project("{FAE04EC0-301F-11D3-BF4B-00C04F79EFBC}") = "APS.GatewayAPI", "src\Servicos\APS.GatewayAPI\APS.GatewayAPI.csproj", "{89012345-6789-0ABC-DEF1-23456789ABCD}"
EndProject

Project("{FAE04EC0-301F-11D3-BF4B-00C04F79EFBC}") = "APS.ServicoNotificacao", "src\Servicos\APS.ServicoNotificacao\APS.ServicoNotificacao.csproj", "{90123456-789A-BCDE-F123-456789ABCDEF}"
EndProject

Project("{FAE04EC0-301F-11D3-BF4B-00C04F79EFBC}") = "APS.Dashboard", "src\Frontend\APS.Dashboard\APS.Dashboard.csproj", "{A1234567-89AB-CDEF-1234-56789ABCDEF0}"
EndProject

Project("{FAE04EC0-301F-11D3-BF4B-00C04F79EFBC}") = "APS.Infraestrutura.Dados", "src\Infraestrutura\APS.Infraestrutura.Dados\APS.Infraestrutura.Dados.csproj", "{B2345678-9ABC-DEF1-2345-6789ABCDEF01}"
EndProject

Global
	GlobalSection(SolutionConfigurationPlatforms) = preSolution
		Debug|Any CPU = Debug|Any CPU
		Release|Any CPU = Release|Any CPU
	EndGlobalSection
	GlobalSection(ProjectConfigurationPlatforms) = postSolution
		{5E6F7890-ABCD-EF12-3456-7890ABCDEF12}.Debug|Any CPU.ActiveCfg = Debug|Any CPU
		{5E6F7890-ABCD-EF12-3456-7890ABCDEF12}.Debug|Any CPU.Build.0 = Debug|Any CPU
		{5E6F7890-ABCD-EF12-3456-7890ABCDEF12}.Release|Any CPU.ActiveCfg = Release|Any CPU
		{5E6F7890-ABCD-EF12-3456-7890ABCDEF12}.Release|Any CPU.Build.0 = Release|Any CPU
		{6F789012-3456-7890-ABCD-EF1234567890}.Debug|Any CPU.ActiveCfg = Debug|Any CPU
		{6F789012-3456-7890-ABCD-EF1234567890}.Debug|Any CPU.Build.0 = Debug|Any CPU
		{6F789012-3456-7890-ABCD-EF1234567890}.Release|Any CPU.ActiveCfg = Release|Any CPU
		{6F789012-3456-7890-ABCD-EF1234567890}.Release|Any CPU.Build.0 = Release|Any CPU
		{78901234-5678-90AB-CDEF-123456789012}.Debug|Any CPU.ActiveCfg = Debug|Any CPU
		{78901234-5678-90AB-CDEF-123456789012}.Debug|Any CPU.Build.0 = Debug|Any CPU
		{78901234-5678-90AB-CDEF-123456789012}.Release|Any CPU.ActiveCfg = Release|Any CPU
		{78901234-5678-90AB-CDEF-123456789012}.Release|Any CPU.Build.0 = Release|Any CPU
		{89012345-6789-0ABC-DEF1-23456789ABCD}.Debug|Any CPU.ActiveCfg = Debug|Any CPU
		{89012345-6789-0ABC-DEF1-23456789ABCD}.Debug|Any CPU.Build.0 = Debug|Any CPU
		{89012345-6789-0ABC-DEF1-23456789ABCD}.Release|Any CPU.ActiveCfg = Release|Any CPU
		{89012345-6789-0ABC-DEF1-23456789ABCD}.Release|Any CPU.Build.0 = Release|Any CPU
		{90123456-789A-BCDE-F123-456789ABCDEF}.Debug|Any CPU.ActiveCfg = Debug|Any CPU
		{90123456-789A-BCDE-F123-456789ABCDEF}.Debug|Any CPU.Build.0 = Debug|Any CPU
		{90123456-789A-BCDE-F123-456789ABCDEF}.Release|Any CPU.ActiveCfg = Release|Any CPU
		{90123456-789A-BCDE-F123-456789ABCDEF}.Release|Any CPU.Build.0 = Release|Any CPU
		{A1234567-89AB-CDEF-1234-56789ABCDEF0}.Debug|Any CPU.ActiveCfg = Debug|Any CPU
		{A1234567-89AB-CDEF-1234-56789ABCDEF0}.Debug|Any CPU.Build.0 = Debug|Any CPU
		{A1234567-89AB-CDEF-1234-56789ABCDEF0}.Release|Any CPU.ActiveCfg = Release|Any CPU
		{A1234567-89AB-CDEF-1234-56789ABCDEF0}.Release|Any CPU.Build.0 = Release|Any CPU
		{B2345678-9ABC-DEF1-2345-6789ABCDEF01}.Debug|Any CPU.ActiveCfg = Debug|Any CPU
		{B2345678-9ABC-DEF1-2345-6789ABCDEF01}.Debug|Any CPU.Build.0 = Debug|Any CPU
		{B2345678-9ABC-DEF1-2345-6789ABCDEF01}.Release|Any CPU.ActiveCfg = Release|Any CPU
		{B2345678-9ABC-DEF1-2345-6789ABCDEF01}.Release|Any CPU.Build.0 = Release|Any CPU
	EndGlobalSection
	GlobalSection(NestedProjects) = preSolution
		{1A2B3C4D-5E6F-7890-ABCD-EF1234567890} = {8D0C3C8E-8B5A-4F5A-9B5A-8F5A8D0C3C8E}
		{2B3C4D5E-6F78-90AB-CDEF-123456789012} = {8D0C3C8E-8B5A-4F5A-9B5A-8F5A8D0C3C8E}
		{3C4D5E6F-7890-ABCD-EF12-34567890ABCD} = {8D0C3C8E-8B5A-4F5A-9B5A-8F5A8D0C3C8E}
		{4D5E6F78-90AB-CDEF-1234-567890ABCDEF} = {8D0C3C8E-8B5A-4F5A-9B5A-8F5A8D0C3C8E}
		{5E6F7890-ABCD-EF12-3456-7890ABCDEF12} = {2B3C4D5E-6F78-90AB-CDEF-123456789012}
		{6F789012-3456-7890-ABCD-EF1234567890} = {1A2B3C4D-5E6F-7890-ABCD-EF1234567890}
		{78901234-5678-90AB-CDEF-123456789012} = {1A2B3C4D-5E6F-7890-ABCD-EF1234567890}
		{89012345-6789-0ABC-DEF1-23456789ABCD} = {1A2B3C4D-5E6F-7890-ABCD-EF1234567890}
		{90123456-789A-BCDE-F123-456789ABCDEF} = {1A2B3C4D-5E6F-7890-ABCD-EF1234567890}
		{A1234567-89AB-CDEF-1234-56789ABCDEF0} = {3C4D5E6F-7890-ABCD-EF12-34567890ABCD}
		{B2345678-9ABC-DEF1-2345-6789ABCDEF01} = {4D5E6F78-90AB-CDEF-1234-567890ABCDEF}
	EndGlobalSection
EndGlobal